{
  "name": "@lmdj/opfs-webkit-installer",
  "version": "0.0.0",
  "lockfileVersion": 3,
  "requires": true,
  "packages": {
    "": {
      "name": "@lmdj/opfs-webkit-installer",
      "version": "0.0.0",
      "devDependencies": {
        "playwright": "1.64.0-alpha-2026-09-11"
      },
      "engines": {
        "node": "22.x"
      }
    },
    "node_modules/playwright": {
      "version": "1.64.0-alpha-2026-09-11",
      "resolved": "https://registry.npmjs.org/playwright/-/playwright-1.64.0-alpha-2026-09-11.tgz",
      "integrity": "sha512-FRWhjaHcaA8FUoZNSK3tgJvLad9zgslhqSoOFPQVwKFQzN4h7GsINHQHzVZP3aG7l8rYztgZo9RVbJS9bVshPw==",
      "dev": true,
      "license": "Apache-2.0",
      "dependencies": {
        "playwright-core": "1.64.0-alpha-2026-09-11"
      },
      "bin": {
        "playwright": "cli.js"
      },
      "engines": {
        "node": ">=20"
      }
    },
    "node_modules/playwright-core": {
      "version": "1.64.0-alpha-2026-09-11",
      "resolved": "https://registry.npmjs.org/playwright-core/-/playwright-core-1.64.0-alpha-2026-09-11.tgz",
      "integrity": "sha512-6F3hrCatkyoEciXBg5GWQD8yBP49WjwKzogVSeSmM8Ufa8vxQFZVYSXCxuiajjeWH6w6YxLuN/jAXU1Nbp/Q4g==",
      "dev": true,
      "license": "Apache-2.0",
      "bin": {
        "playwright-core": "cli.js"
      },
      "engines": {
        "node": ">=20"
      }
    }
  }
}
